// !$*UTF8*$!
{
	archiveVersion = 1;
	classes = {
	};
	objectVersion = 77;
	objects = {

/* Begin PBXBuildFile section */
		2339D5BE2D09E895006EE7F7 /* TaskModel.swift in Sources */ = {isa = PBXBuildFile; fileRef = 2339D5BD2D09E895006EE7F7 /* TaskModel.swift */; };
		2339D5C82D09EFA4006EE7F7 /* SampleData.swift in Sources */ = {isa = PBXBuildFile; fileRef = 2339D5C72D09EFA4006EE7F7 /* SampleData.swift */; };
		23C7D6562D089CF400915FB2 /* ContentView.swift in Sources */ = {isa = PBXBuildFile; fileRef = 23C7D6532D089CF400915FB2 /* ContentView.swift */; };
		23C7D6572D089CF400915FB2 /* Object3App.swift in Sources */ = {isa = PBXBuildFile; fileRef = 23C7D6542D089CF400915FB2 /* Object3App.swift */; };
		23C7D6582D089CF400915FB2 /* Preview Assets.xcassets in Resources */ = {isa = PBXBuildFile; fileRef = 23C7D6502D089CF400915FB2 /* Preview Assets.xcassets */; };
		23C7D6592D089CF400915FB2 /* Assets.xcassets in Resources */ = {isa = PBXBuildFile; fileRef = 23C7D6522D089CF400915FB2 /* Assets.xcassets */; };
		23C7D65C2D089D1C00915FB2 /* MapViewModel.swift in Sources */ = {isa = PBXBuildFile; fileRef = 23C7D65B2D089D1C00915FB2 /* MapViewModel.swift */; };
/* End PBXBuildFile section */

/* Begin PBXContainerItemProxy section */
		23C7D6342D08979700915FB2 /* PBXContainerItemProxy */ = {
			isa = PBXContainerItemProxy;
			containerPortal = 23C7D6192D08979500915FB2 /* Project object */;
			proxyType = 1;
			remoteGlobalIDString = 23C7D6202D08979500915FB2;
			remoteInfo = Object3;
		};
		23C7D63E2D08979700915FB2 /* PBXContainerItemProxy */ = {
			isa = PBXContainerItemProxy;
			containerPortal = 23C7D6192D08979500915FB2 /* Project object */;
			proxyType = 1;
			remoteGlobalIDString = 23C7D6202D08979500915FB2;
			remoteInfo = Object3;
		};
/* End PBXContainerItemProxy section */

/* Begin PBXFileReference section */
		2339D5BD2D09E895006EE7F7 /* TaskModel.swift */ = {isa = PBXFileReference; lastKnownFileType = sourcecode.swift; path = TaskModel.swift; sourceTree = "<group>"; };
		2339D5C72D09EFA4006EE7F7 /* SampleData.swift */ = {isa = PBXFileReference; lastKnownFileType = sourcecode.swift; path = SampleData.swift; sourceTree = "<group>"; };
		23C7D6212D08979500915FB2 /* Object3.app */ = {isa = PBXFileReference; explicitFileType = wrapper.application; includeInIndex = 0; path = Object3.app; sourceTree = BUILT_PRODUCTS_DIR; };
		23C7D6332D08979700915FB2 /* Object3Tests.xctest */ = {isa = PBXFileReference; explicitFileType = wrapper.cfbundle; includeInIndex = 0; path = Object3Tests.xctest; sourceTree = BUILT_PRODUCTS_DIR; };
		23C7D63D2D08979700915FB2 /* Object3UITests.xctest */ = {isa = PBXFileReference; explicitFileType = wrapper.cfbundle; includeInIndex = 0; path = Object3UITests.xctest; sourceTree = BUILT_PRODUCTS_DIR; };
		23C7D6502D089CF400915FB2 /* Preview Assets.xcassets */ = {isa = PBXFileReference; lastKnownFileType = folder.assetcatalog; path = "Preview Assets.xcassets"; sourceTree = "<group>"; };
		23C7D6522D089CF400915FB2 /* Assets.xcassets */ = {isa = PBXFileReference; lastKnownFileType = folder.assetcatalog; path = Assets.xcassets; sourceTree = "<group>"; };
		23C7D6532D089CF400915FB2 /* ContentView.swift */ = {isa = PBXFileReference; lastKnownFileType = sourcecode.swift; path = ContentView.swift; sourceTree = "<group>"; };
		23C7D6542D089CF400915FB2 /* Object3App.swift */ = {isa = PBXFileReference; lastKnownFileType = sourcecode.swift; path = Object3App.swift; sourceTree = "<group>"; };
		23C7D65B2D089D1C00915FB2 /* MapViewModel.swift */ = {isa = PBXFileReference; lastKnownFileType = sourcecode.swift; path = MapViewModel.swift; sourceTree = "<group>"; };
/* End PBXFileReference section */

/* Begin PBXFileSystemSynchronizedRootGroup section */
		23C7D6362D08979700915FB2 /* Object3Tests */ = {
			isa = PBXFileSystemSynchronizedRootGroup;
			path = Object3Tests;
			sourceTree = "<group>";
		};
		23C7D6402D08979700915FB2 /* Object3UITests */ = {
			isa = PBXFileSystemSynchronizedRootGroup;
			path = Object3UITests;
			sourceTree = "<group>";
		};
/* End PBXFileSystemSynchronizedRootGroup section */

/* Begin PBXFrameworksBuildPhase section */
		23C7D61E2D08979500915FB2 /* Frameworks */ = {
			isa = PBXFrameworksBuildPhase;
			buildActionMask = 2147483647;
			files = (
			);
			runOnlyForDeploymentPostprocessing = 0;
		};
		23C7D6302D08979700915FB2 /* Frameworks */ = {
			isa = PBXFrameworksBuildPhase;
			buildActionMask = 2147483647;
			files = (
			);
			runOnlyForDeploymentPostprocessing = 0;
		};
		23C7D63A2D08979700915FB2 /* Frameworks */ = {
			isa = PBXFrameworksBuildPhase;
			buildActionMask = 2147483647;
			files = (
			);
			runOnlyForDeploymentPostprocessing = 0;
		};
/* End PBXFrameworksBuildPhase section */

/* Begin PBXGroup section */
		23C7D6182D08979500915FB2 = {
			isa = PBXGroup;
			children = (
				23C7D6552D089CF400915FB2 /* Object3 */,
				23C7D6362D08979700915FB2 /* Object3Tests */,
				23C7D6402D08979700915FB2 /* Object3UITests */,
				23C7D6222D08979500915FB2 /* Products */,
			);
			sourceTree = "<group>";
		};
		23C7D6222D08979500915FB2 /* Products */ = {
			isa = PBXGroup;
			children = (
				23C7D6212D08979500915FB2 /* Object3.app */,
				23C7D6332D08979700915FB2 /* Object3Tests.xctest */,
				23C7D63D2D08979700915FB2 /* Object3UITests.xctest */,
			);
			name = Products;
			sourceTree = "<group>";
		};
		23C7D6512D089CF400915FB2 /* Preview Content */ = {
			isa = PBXGroup;
			children = (
				23C7D6502D089CF400915FB2 /* Preview Assets.xcassets */,
				2339D5C72D09EFA4006EE7F7 /* SampleData.swift */,
			);
			path = "Preview Content";
			sourceTree = "<group>";
		};
		23C7D6552D089CF400915FB2 /* Object3 */ = {
			isa = PBXGroup;
			children = (
				23C7D6542D089CF400915FB2 /* Object3App.swift */,
				23C7D65A2D089CFD00915FB2 /* ViewModels */,
				23C7D6512D089CF400915FB2 /* Preview Content */,
				23C7D6522D089CF400915FB2 /* Assets.xcassets */,
				23C7D6532D089CF400915FB2 /* ContentView.swift */,
				2339D5BD2D09E895006EE7F7 /* TaskModel.swift */,
			);
			path = Object3;
			sourceTree = "<group>";
		};
		23C7D65A2D089CFD00915FB2 /* ViewModels */ = {
			isa = PBXGroup;
			children = (
				23C7D65B2D089D1C00915FB2 /* MapViewModel.swift */,
			);
			path = ViewModels;
			sourceTree = "<group>";
		};
/* End PBXGroup section */

/* Begin PBXNativeTarget section */
		23C7D6202D08979500915FB2 /* Object3 */ = {
			isa = PBXNativeTarget;
			buildConfigurationList = 23C7D6472D08979700915FB2 /* Build configuration list for PBXNativeTarget "Object3" */;
			buildPhases = (
				23C7D61D2D08979500915FB2 /* Sources */,
				23C7D61E2D08979500915FB2 /* Frameworks */,
				23C7D61F2D08979500915FB2 /* Resources */,
			);
			buildRules = (
			);
			dependencies = (
			);
			name = Object3;
			packageProductDependencies = (
			);
			productName = Object3;
			productReference = 23C7D6212D08979500915FB2 /* Object3.app */;
			productType = "com.apple.product-type.application";
		};
		23C7D6322D08979700915FB2 /* Object3Tests */ = {
			isa = PBXNativeTarget;
			buildConfigurationList = 23C7D64A2D08979700915FB2 /* Build configuration list for PBXNativeTarget "Object3Tests" */;
			buildPhases = (
				23C7D62F2D08979700915FB2 /* Sources */,
				23C7D6302D08979700915FB2 /* Frameworks */,
				23C7D6312D08979700915FB2 /* Resources */,
			);
			buildRules = (
			);
			dependencies = (
				23C7D6352D08979700915FB2 /* PBXTargetDependency */,
			);
			fileSystemSynchronizedGroups = (
				23C7D6362D08979700915FB2 /* Object3Tests */,
			);
			name = Object3Tests;
			packageProductDependencies = (
			);
			productName = Object3Tests;
			productReference = 23C7D6332D08979700915FB2 /* Object3Tests.xctest */;
			productType = "com.apple.product-type.bundle.unit-test";
		};
		23C7D63C2D08979700915FB2 /* Object3UITests */ = {
			isa = PBXNativeTarget;
			buildConfigurationList = 23C7D64D2D08979700915FB2 /* Build configuration list for PBXNativeTarget "Object3UITests" */;
			buildPhases = (
				23C7D6392D08979700915FB2 /* Sources */,
				23C7D63A2D08979700915FB2 /* Frameworks */,
				23C7D63B2D08979700915FB2 /* Resources */,
			);
			buildRules = (
			);
			dependencies = (
				23C7D63F2D08979700915FB2 /* PBXTargetDependency */,
			);
			fileSystemSynchronizedGroups = (
				23C7D6402D08979700915FB2 /* Object3UITests */,
			);
			name = Object3UITests;
			packageProductDependencies = (
			);
			productName = Object3UITests;
			productReference = 23C7D63D2D08979700915FB2 /* Object3UITests.xctest */;
			productType = "com.apple.product-type.bundle.ui-testing";
		};
/* End PBXNativeTarget section */

/* Begin PBXProject section */
		23C7D6192D08979500915FB2 /* Project object */ = {
			isa = PBXProject;
			attributes = {
				BuildIndependentTargetsInParallel = 1;
				LastSwiftUpdateCheck = 1610;
				LastUpgradeCheck = 1610;
				TargetAttributes = {
					23C7D6202D08979500915FB2 = {
						CreatedOnToolsVersion = 16.1;
					};
					23C7D6322D08979700915FB2 = {
						CreatedOnToolsVersion = 16.1;
						TestTargetID = 23C7D6202D08979500915FB2;
					};
					23C7D63C2D08979700915FB2 = {
						CreatedOnToolsVersion = 16.1;
						TestTargetID = 23C7D6202D08979500915FB2;
					};
				};
			};
			buildConfigurationList = 23C7D61C2D08979500915FB2 /* Build configuration list for PBXProject "Object3" */;
			developmentRegion = en;
			hasScannedForEncodings = 0;
			knownRegions = (
				en,
				Base,
			);
			mainGroup = 23C7D6182D08979500915FB2;
			minimizedProjectReferenceProxies = 1;
			preferredProjectObjectVersion = 77;
			productRefGroup = 23C7D6222D08979500915FB2 /* Products */;
			projectDirPath = "";
			projectRoot = "";
			targets = (
				23C7D6202D08979500915FB2 /* Object3 */,
				23C7D6322D08979700915FB2 /* Object3Tests */,
				23C7D63C2D08979700915FB2 /* Object3UITests */,
			);
		};
/* End PBXProject section */

/* Begin PBXResourcesBuildPhase section */
		23C7D61F2D08979500915FB2 /* Resources */ = {
			isa = PBXResourcesBuildPhase;
			buildActionMask = 2147483647;
			files = (
				23C7D6582D089CF400915FB2 /* Preview Assets.xcassets in Resources */,
				23C7D6592D089CF400915FB2 /* Assets.xcassets in Resources */,
			);
			runOnlyForDeploymentPostprocessing = 0;
		};
		23C7D6312D08979700915FB2 /* Resources */ = {
			isa = PBXResourcesBuildPhase;
			buildActionMask = 2147483647;
			files = (
			);
			runOnlyForDeploymentPostprocessing = 0;
		};
		23C7D63B2D08979700915FB2 /* Resources */ = {
			isa = PBXResourcesBuildPhase;
			buildActionMask = 2147483647;
			files = (
			);
			runOnlyForDeploymentPostprocessing = 0;
		};
/* End PBXResourcesBuildPhase section */

/* Begin PBXSourcesBuildPhase section */
		23C7D61D2D08979500915FB2 /* Sources */ = {
			isa = PBXSourcesBuildPhase;
			buildActionMask = 2147483647;
			files = (
				23C7D6562D089CF400915FB2 /* ContentView.swift in Sources */,
				2339D5BE2D09E895006EE7F7 /* TaskModel.swift in Sources */,
				23C7D6572D089CF400915FB2 /* Object3App.swift in Sources */,
				2339D5C82D09EFA4006EE7F7 /* SampleData.swift in Sources */,
				23C7D65C2D089D1C00915FB2 /* MapViewModel.swift in Sources */,
			);
			runOnlyForDeploymentPostprocessing = 0;
		};
		23C7D62F2D08979700915FB2 /* Sources */ = {
			isa = PBXSourcesBuildPhase;
			buildActionMask = 2147483647;
			files = (
			);
			runOnlyForDeploymentPostprocessing = 0;
		};
		23C7D6392D08979700915FB2 /* Sources */ = {
			isa = PBXSourcesBuildPhase;
			buildActionMask = 2147483647;
			files = (
			);
			runOnlyForDeploymentPostprocessing = 0;
		};
/* End PBXSourcesBuildPhase section */

/* Begin PBXTargetDependency section */
		23C7D6352D08979700915FB2 /* PBXTargetDependency */ = {
			isa = PBXTargetDependency;
			target = 23C7D6202D08979500915FB2 /* Object3 */;
			targetProxy = 23C7D6342D08979700915FB2 /* PBXContainerItemProxy */;
		};
		23C7D63F2D08979700915FB2 /* PBXTargetDependency */ = {
			isa = PBXTargetDependency;
			target = 23C7D6202D08979500915FB2 /* Object3 */;
			targetProxy = 23C7D63E2D08979700915FB2 /* PBXContainerItemProxy */;
		};
/* End PBXTargetDependency section */

/* Begin XCBuildConfiguration section */
		23C7D6452D08979700915FB2 /* Debug */ = {
			isa = XCBuildConfiguration;
			buildSettings = {
				ALWAYS_SEARCH_USER_PATHS = NO;
				ASSETCATALOG_COMPILER_GENERATE_SWIFT_ASSET_SYMBOL_EXTENSIONS = YES;
				CLANG_ANALYZER_NONNULL = YES;
				CLANG_ANALYZER_NUMBER_OBJECT_CONVERSION = YES_AGGRESSIVE;
				CLANG_CXX_LANGUAGE_STANDARD = "gnu++20";
				CLANG_ENABLE_MODULES = YES;
				CLANG_ENABLE_OBJC_ARC = YES;
				CLANG_ENABLE_OBJC_WEAK = YES;
				CLANG_WARN_BLOCK_CAPTURE_AUTORELEASING = YES;
				CLANG_WARN_BOOL_CONVERSION = YES;
				CLANG_WARN_COMMA = YES;
				CLANG_WARN_CONSTANT_CONVERSION = YES;
				CLANG_WARN_DEPRECATED_OBJC_IMPLEMENTATIONS = YES;
				CLANG_WARN_DIRECT_OBJC_ISA_USAGE = YES_ERROR;
				CLANG_WARN_DOCUMENTATION_COMMENTS = YES;
				CLANG_WARN_EMPTY_BODY = YES;
				CLANG_WARN_ENUM_CONVERSION = YES;
				CLANG_WARN_INFINITE_RECURSION = YES;
				CLANG_WARN_INT_CONVERSION = YES;
				CLANG_WARN_NON_LITERAL_NULL_CONVERSION = YES;
				CLANG_WARN_OBJC_IMPLICIT_RETAIN_SELF = YES;
				CLANG_WARN_OBJC_LITERAL_CONVERSION = YES;
				CLANG_WARN_OBJC_ROOT_CLASS = YES_ERROR;
				CLANG_WARN_QUOTED_INCLUDE_IN_FRAMEWORK_HEADER = YES;
				CLANG_WARN_RANGE_LOOP_ANALYSIS = YES;
				CLANG_WARN_STRICT_PROTOTYPES = YES;
				CLANG_WARN_SUSPICIOUS_MOVE = YES;
				CLANG_WARN_UNGUARDED_AVAILABILITY = YES_AGGRESSIVE;
				CLANG_WARN_UNREACHABLE_CODE = YES;
				CLANG_WARN__DUPLICATE_METHOD_MATCH = YES;
				COPY_PHASE_STRIP = NO;
				DEBUG_INFORMATION_FORMAT = dwarf;
				ENABLE_STRICT_OBJC_MSGSEND = YES;
				ENABLE_TESTABILITY = YES;
				ENABLE_USER_SCRIPT_SANDBOXING = YES;
				GCC_C_LANGUAGE_STANDARD = gnu17;
				GCC_DYNAMIC_NO_PIC = NO;
				GCC_NO_COMMON_BLOCKS = YES;
				GCC_OPTIMIZATION_LEVEL = 0;
				GCC_PREPROCESSOR_DEFINITIONS = (
					"DEBUG=1",
					"$(inherited)",
				);
				GCC_WARN_64_TO_32_BIT_CONVERSION = YES;
				GCC_WARN_ABOUT_RETURN_TYPE = YES_ERROR;
				GCC_WARN_UNDECLARED_SELECTOR = YES;
				GCC_WARN_UNINITIALIZED_AUTOS = YES_AGGRESSIVE;
				GCC_WARN_UNUSED_FUNCTION = YES;
				GCC_WARN_UNUSED_VARIABLE = YES;
				IPHONEOS_DEPLOYMENT_TARGET = 18.1;
				LOCALIZATION_PREFERS_STRING_CATALOGS = YES;
				MTL_ENABLE_DEBUG_INFO = INCLUDE_SOURCE;
				MTL_FAST_MATH = YES;
				ONLY_ACTIVE_ARCH = YES;
				SDKROOT = iphoneos;
				SWIFT_ACTIVE_COMPILATION_CONDITIONS = "DEBUG $(inherited)";
				SWIFT_OPTIMIZATION_LEVEL = "-Onone";
			};
			name = Debug;
		};
		23C7D6462D08979700915FB2 /* Release */ = {
			isa = XCBuildConfiguration;
			buildSettings = {
				ALWAYS_SEARCH_USER_PATHS = NO;
				ASSETCATALOG_COMPILER_GENERATE_SWIFT_ASSET_SYMBOL_EXTENSIONS = YES;
				CLANG_ANALYZER_NONNULL = YES;
				CLANG_ANALYZER_NUMBER_OBJECT_CONVERSION = YES_AGGRESSIVE;
				CLANG_CXX_LANGUAGE_STANDARD = "gnu++20";
				CLANG_ENABLE_MODULES = YES;
				CLANG_ENABLE_OBJC_ARC = YES;
				CLANG_ENABLE_OBJC_WEAK = YES;
				CLANG_WARN_BLOCK_CAPTURE_AUTORELEASING = YES;
				CLANG_WARN_BOOL_CONVERSION = YES;
				CLANG_WARN_COMMA = YES;
				CLANG_WARN_CONSTANT_CONVERSION = YES;
				CLANG_WARN_DEPRECATED_OBJC_IMPLEMENTATIONS = YES;
				CLANG_WARN_DIRECT_OBJC_ISA_USAGE = YES_ERROR;
				CLANG_WARN_DOCUMENTATION_COMMENTS = YES;
				CLANG_WARN_EMPTY_BODY = YES;
				CLANG_WARN_ENUM_CONVERSION = YES;
				CLANG_WARN_INFINITE_RECURSION = YES;
				CLANG_WARN_INT_CONVERSION = YES;
				CLANG_WARN_NON_LITERAL_NULL_CONVERSION = YES;
				CLANG_WARN_OBJC_IMPLICIT_RETAIN_SELF = YES;
				CLANG_WARN_OBJC_LITERAL_CONVERSION = YES;
				CLANG_WARN_OBJC_ROOT_CLASS = YES_ERROR;
				CLANG_WARN_QUOTED_INCLUDE_IN_FRAMEWORK_HEADER = YES;
				CLANG_WARN_RANGE_LOOP_ANALYSIS = YES;
				CLANG_WARN_STRICT_PROTOTYPES = YES;
				CLANG_WARN_SUSPICIOUS_MOVE = YES;
				CLANG_WARN_UNGUARDED_AVAILABILITY = YES_AGGRESSIVE;
				CLANG_WARN_UNREACHABLE_CODE = YES;
				CLANG_WARN__DUPLICATE_METHOD_MATCH = YES;
				COPY_PHASE_STRIP = NO;
				DEBUG_INFORMATION_FORMAT = "dwarf-with-dsym";
				ENABLE_NS_ASSERTIONS = NO;
				ENABLE_STRICT_OBJC_MSGSEND = YES;
				ENABLE_USER_SCRIPT_SANDBOXING = YES;
				GCC_C_LANGUAGE_STANDARD = gnu17;
				GCC_NO_COMMON_BLOCKS = YES;
				GCC_WARN_64_TO_32_BIT_CONVERSION = YES;
				GCC_WARN_ABOUT_RETURN_TYPE = YES_ERROR;
				GCC_WARN_UNDECLARED_SELECTOR = YES;
				GCC_WARN_UNINITIALIZED_AUTOS = YES_AGGRESSIVE;
				GCC_WARN_UNUSED_FUNCTION = YES;
				GCC_WARN_UNUSED_VARIABLE = YES;
				IPHONEOS_DEPLOYMENT_TARGET = 18.1;
				LOCALIZATION_PREFERS_STRING_CATALOGS = YES;
				MTL_ENABLE_DEBUG_INFO = NO;
				MTL_FAST_MATH = YES;
				SDKROOT = iphoneos;
				SWIFT_COMPILATION_MODE = wholemodule;
				VALIDATE_PRODUCT = YES;
			};
			name = Release;
		};
		23C7D6482D08979700915FB2 /* Debug */ = {
			isa = XCBuildConfiguration;
			buildSettings = {
				ASSETCATALOG_COMPILER_APPICON_NAME = AppIcon;
				ASSETCATALOG_COMPILER_GLOBAL_ACCENT_COLOR_NAME = AccentColor;
				CODE_SIGN_STYLE = Automatic;
				CURRENT_PROJECT_VERSION = 1;
				DEVELOPMENT_ASSET_PATHS = "\"Object3/Preview Content\"";
				DEVELOPMENT_TEAM = JYU4CZQH8U;
				ENABLE_PREVIEWS = YES;
				GENERATE_INFOPLIST_FILE = YES;
				INFOPLIST_KEY_UIApplicationSceneManifest_Generation = YES;
				INFOPLIST_KEY_UIApplicationSupportsIndirectInputEvents = YES;
				INFOPLIST_KEY_UILaunchScreen_Generation = YES;
				INFOPLIST_KEY_UISupportedInterfaceOrientations_iPad = "UIInterfaceOrientationPortrait UIInterfaceOrientationPortraitUpsideDown UIInterfaceOrientationLandscapeLeft UIInterfaceOrientationLandscapeRight";
				INFOPLIST_KEY_UISupportedInterfaceOrientations_iPhone = "UIInterfaceOrientationPortrait UIInterfaceOrientationLandscapeLeft UIInterfaceOrientationLandscapeRight";
				LD_RUNPATH_SEARCH_PATHS = (
					"$(inherited)",
					"@executable_path/Frameworks",
				);
				MARKETING_VERSION = 1.0;
				PRODUCT_BUNDLE_IDENTIFIER = com.test1.Object3;
				PRODUCT_NAME = "$(TARGET_NAME)";
				SWIFT_EMIT_LOC_STRINGS = YES;
				SWIFT_VERSION = 6.0;
				TARGETED_DEVICE_FAMILY = "1,2";
			};
			name = Debug;
		};
		23C7D6492D08979700915FB2 /* Release */ = {
			isa = XCBuildConfiguration;
			buildSettings = {
				ASSETCATALOG_COMPILER_APPICON_NAME = AppIcon;
				ASSETCATALOG_COMPILER_GLOBAL_ACCENT_COLOR_NAME = AccentColor;
				CODE_SIGN_STYLE = Automatic;
				CURRENT_PROJECT_VERSION = 1;
				DEVELOPMENT_ASSET_PATHS = "\"Object3/Preview Content\"";
				DEVELOPMENT_TEAM = JYU4CZQH8U;
				ENABLE_PREVIEWS = YES;
				GENERATE_INFOPLIST_FILE = YES;
				INFOPLIST_KEY_UIApplicationSceneManifest_Generation = YES;
				INFOPLIST_KEY_UIApplicationSupportsIndirectInputEvents = YES;
				INFOPLIST_KEY_UILaunchScreen_Generation = YES;
				INFOPLIST_KEY_UISupportedInterfaceOrientations_iPad = "UIInterfaceOrientationPortrait UIInterfaceOrientationPortraitUpsideDown UIInterfaceOrientationLandscapeLeft UIInterfaceOrientationLandscapeRight";
				INFOPLIST_KEY_UISupportedInterfaceOrientations_iPhone = "UIInterfaceOrientationPortrait UIInterfaceOrientationLandscapeLeft UIInterfaceOrientationLandscapeRight";
				LD_RUNPATH_SEARCH_PATHS = (
					"$(inherited)",
					"@executable_path/Frameworks",
				);
				MARKETING_VERSION = 1.0;
				PRODUCT_BUNDLE_IDENTIFIER = com.test1.Object3;
				PRODUCT_NAME = "$(TARGET_NAME)";
				SWIFT_EMIT_LOC_STRINGS = YES;
				SWIFT_VERSION = 6.0;
				TARGETED_DEVICE_FAMILY = "1,2";
			};
			name = Release;
		};
		23C7D64B2D08979700915FB2 /* Debug */ = {
			isa = XCBuildConfiguration;
			buildSettings = {
				BUNDLE_LOADER = "$(TEST_HOST)";
				CODE_SIGN_STYLE = Automatic;
				CURRENT_PROJECT_VERSION = 1;
				DEVELOPMENT_TEAM = JYU4CZQH8U;
				GENERATE_INFOPLIST_FILE = YES;
				IPHONEOS_DEPLOYMENT_TARGET = 18.1;
				MARKETING_VERSION = 1.0;
				PRODUCT_BUNDLE_IDENTIFIER = com.test1.Object3Tests;
				PRODUCT_NAME = "$(TARGET_NAME)";
				SWIFT_EMIT_LOC_STRINGS = NO;
				SWIFT_VERSION = 5.0;
				TARGETED_DEVICE_FAMILY = "1,2";
				TEST_HOST = "$(BUILT_PRODUCTS_DIR)/Object3.app/$(BUNDLE_EXECUTABLE_FOLDER_PATH)/Object3";
			};
			name = Debug;
		};
		23C7D64C2D08979700915FB2 /* Release */ = {
			isa = XCBuildConfiguration;
			buildSettings = {
				BUNDLE_LOADER = "$(TEST_HOST)";
				CODE_SIGN_STYLE = Automatic;
				CURRENT_PROJECT_VERSION = 1;
				DEVELOPMENT_TEAM = JYU4CZQH8U;
				GENERATE_INFOPLIST_FILE = YES;
				IPHONEOS_DEPLOYMENT_TARGET = 18.1;
				MARKETING_VERSION = 1.0;
				PRODUCT_BUNDLE_IDENTIFIER = com.test1.Object3Tests;
				PRODUCT_NAME = "$(TARGET_NAME)";
				SWIFT_EMIT_LOC_STRINGS = NO;
				SWIFT_VERSION = 5.0;
				TARGETED_DEVICE_FAMILY = "1,2";
				TEST_HOST = "$(BUILT_PRODUCTS_DIR)/Object3.app/$(BUNDLE_EXECUTABLE_FOLDER_PATH)/Object3";
			};
			name = Release;
		};
		23C7D64E2D08979700915FB2 /* Debug */ = {
			isa = XCBuildConfiguration;
			buildSettings = {
				CODE_SIGN_STYLE = Automatic;
				CURRENT_PROJECT_VERSION = 1;
				DEVELOPMENT_TEAM = JYU4CZQH8U;
				GENERATE_INFOPLIST_FILE = YES;
				MARKETING_VERSION = 1.0;
				PRODUCT_BUNDLE_IDENTIFIER = com.test1.Object3UITests;
				PRODUCT_NAME = "$(TARGET_NAME)";
				SWIFT_EMIT_LOC_STRINGS = NO;
				SWIFT_VERSION = 5.0;
				TARGETED_DEVICE_FAMILY = "1,2";
				TEST_TARGET_NAME = Object3;
			};
			name = Debug;
		};
		23C7D64F2D08979700915FB2 /* Release */ = {
			isa = XCBuildConfiguration;
			buildSettings = {
				CODE_SIGN_STYLE = Automatic;
				CURRENT_PROJECT_VERSION = 1;
				DEVELOPMENT_TEAM = JYU4CZQH8U;
				GENERATE_INFOPLIST_FILE = YES;
				MARKETING_VERSION = 1.0;
				PRODUCT_BUNDLE_IDENTIFIER = com.test1.Object3UITests;
				PRODUCT_NAME = "$(TARGET_NAME)";
				SWIFT_EMIT_LOC_STRINGS = NO;
				SWIFT_VERSION = 5.0;
				TARGETED_DEVICE_FAMILY = "1,2";
				TEST_TARGET_NAME = Object3;
			};
			name = Release;
		};
/* End XCBuildConfiguration section */

/* Begin XCConfigurationList section */
		23C7D61C2D08979500915FB2 /* Build configuration list for PBXProject "Object3" */ = {
			isa = XCConfigurationList;
			buildConfigurations = (
				23C7D6452D08979700915FB2 /* Debug */,
				23C7D6462D08979700915FB2 /* Release */,
			);
			defaultConfigurationIsVisible = 0;
			defaultConfigurationName = Release;
		};
		23C7D6472D08979700915FB2 /* Build configuration list for PBXNativeTarget "Object3" */ = {
			isa = XCConfigurationList;
			buildConfigurations = (
				23C7D6482D08979700915FB2 /* Debug */,
				23C7D6492D08979700915FB2 /* Release */,
			);
			defaultConfigurationIsVisible = 0;
			defaultConfigurationName = Release;
		};
		23C7D64A2D08979700915FB2 /* Build configuration list for PBXNativeTarget "Object3Tests" */ = {
			isa = XCConfigurationList;
			buildConfigurations = (
				23C7D64B2D08979700915FB2 /* Debug */,
				23C7D64C2D08979700915FB2 /* Release */,
			);
			defaultConfigurationIsVisible = 0;
			defaultConfigurationName = Release;
		};
		23C7D64D2D08979700915FB2 /* Build configuration list for PBXNativeTarget "Object3UITests" */ = {
			isa = XCConfigurationList;
			buildConfigurations = (
				23C7D64E2D08979700915FB2 /* Debug */,
				23C7D64F2D08979700915FB2 /* Release */,
			);
			defaultConfigurationIsVisible = 0;
			defaultConfigurationName = Release;
		};
/* End XCConfigurationList section */
	};
	rootObject = 23C7D6192D08979500915FB2 /* Project object */;
}
